
Microsoft Visual Studio Solution File, Format Version 12.00
# Visual Studio Version 16
VisualStudioVersion = 16.0.29503.13
MinimumVisualStudioVersion = 10.0.40219.1
Project("{FAE04EC0-301F-11D3-BF4B-00C04F79EFBC}") = "TestSystem.Designer.App", "src\TestSystem.Designer.App\TestSystem.Designer.App.csproj", "{5732254A-58D0-4870-8C9F-64EA92E941E8}"
EndProject
Project("{9A19103F-16F7-4668-BE54-9A1E7A4F7556}") = "TestSystem.Server", "src\TestSystem.Server\TestSystem.Server.csproj", "{61A26967-391C-44D6-9DBF-FA392DB7F121}"
EndProject
Project("{2150E333-8FDC-42A3-9474-1A3956D46DE8}") = "src", "src", "{C99A7A5C-5591-4BDC-96A5-86E423A92B42}"
EndProject
Project("{9A19103F-16F7-4668-BE54-9A1E7A4F7556}") = "TestSystem.Common", "src\TestSystem.Common\TestSystem.Common.csproj", "{0850FF23-3A25-46E2-82FC-2A84DFF8EC2E}"
EndProject
Project("{2150E333-8FDC-42A3-9474-1A3956D46DE8}") = "docker", "docker", "{7BE2D26E-AFF5-41FB-A021-A336525EF2CA}"
ProjectSection(SolutionItems) = preProject
	src\TestSystem.Server\Dockerfile = src\TestSystem.Server\Dockerfile
	docker-compose.yml = docker-compose.yml
EndProjectSection
EndProject
Global
	GlobalSection(SolutionConfigurationPlatforms) = preSolution
		Debug|Any CPU = Debug|Any CPU
		Release|Any CPU = Release|Any CPU
	EndGlobalSection
	GlobalSection(ProjectConfigurationPlatforms) = postSolution
		{5732254A-58D0-4870-8C9F-64EA92E941E8}.Debug|Any CPU.ActiveCfg = Debug|Any CPU
		{5732254A-58D0-4870-8C9F-64EA92E941E8}.Debug|Any CPU.Build.0 = Debug|Any CPU
		{5732254A-58D0-4870-8C9F-64EA92E941E8}.Release|Any CPU.ActiveCfg = Release|Any CPU
		{5732254A-58D0-4870-8C9F-64EA92E941E8}.Release|Any CPU.Build.0 = Release|Any CPU
		{61A26967-391C-44D6-9DBF-FA392DB7F121}.Debug|Any CPU.ActiveCfg = Debug|Any CPU
		{61A26967-391C-44D6-9DBF-FA392DB7F121}.Debug|Any CPU.Build.0 = Debug|Any CPU
		{61A26967-391C-44D6-9DBF-FA392DB7F121}.Release|Any CPU.ActiveCfg = Release|Any CPU
		{61A26967-391C-44D6-9DBF-FA392DB7F121}.Release|Any CPU.Build.0 = Release|Any CPU
		{0850FF23-3A25-46E2-82FC-2A84DFF8EC2E}.Debug|Any CPU.ActiveCfg = Debug|Any CPU
		{0850FF23-3A25-46E2-82FC-2A84DFF8EC2E}.Debug|Any CPU.Build.0 = Debug|Any CPU
		{0850FF23-3A25-46E2-82FC-2A84DFF8EC2E}.Release|Any CPU.ActiveCfg = Release|Any CPU
		{0850FF23-3A25-46E2-82FC-2A84DFF8EC2E}.Release|Any CPU.Build.0 = Release|Any CPU
	EndGlobalSection
	GlobalSection(SolutionProperties) = preSolution
		HideSolutionNode = FALSE
	EndGlobalSection
	GlobalSection(NestedProjects) = preSolution
		{5732254A-58D0-4870-8C9F-64EA92E941E8} = {C99A7A5C-5591-4BDC-96A5-86E423A92B42}
		{61A26967-391C-44D6-9DBF-FA392DB7F121} = {C99A7A5C-5591-4BDC-96A5-86E423A92B42}
		{0850FF23-3A25-46E2-82FC-2A84DFF8EC2E} = {C99A7A5C-5591-4BDC-96A5-86E423A92B42}
	EndGlobalSection
	GlobalSection(ExtensibilityGlobals) = postSolution
		SolutionGuid = {B596F461-ED3D-47B1-9B7C-84F9934A4E4A}
	EndGlobalSection
EndGlobal
